
Microsoft Visual Studio Solution File, Format Version 12.00
# Visual Studio 15
VisualStudioVersion = 15.0.27703.2047
MinimumVisualStudioVersion = 10.0.40219.1
Project("{FAE04EC0-301F-11D3-BF4B-00C04F79EFBC}") = "FlowFree", "FlowFree\FlowFree.csproj", "{CFBEFDDE-CF1A-4E73-ABD2-29A83BFFE99B}"
EndProject
Global
	GlobalSection(SolutionConfigurationPlatforms) = preSolution
		Debug|x86 = Debug|x86
		Release|x86 = Release|x86
	EndGlobalSection
	GlobalSection(ProjectConfigurationPlatforms) = postSolution
		{CFBEFDDE-CF1A-4E73-ABD2-29A83BFFE99B}.Debug|x86.ActiveCfg = Debug|x86
		{CFBEFDDE-CF1A-4E73-ABD2-29A83BFFE99B}.Debug|x86.Build.0 = Debug|x86
		{CFBEFDDE-CF1A-4E73-ABD2-29A83BFFE99B}.Release|x86.ActiveCfg = Release|x86
		{CFBEFDDE-CF1A-4E73-ABD2-29A83BFFE99B}.Release|x86.Build.0 = Release|x86
	EndGlobalSection
	GlobalSection(SolutionProperties) = preSolution
		HideSolutionNode = FALSE
	EndGlobalSection
	GlobalSection(ExtensibilityGlobals) = postSolution
		SolutionGuid = {35A9B781-BADF-4F4F-B68C-DA4B6C3941F1}
	EndGlobalSection
EndGlobal
